
Microsoft Visual Studio Solution File, Format Version 12.00
# Visual Studio Version 18
VisualStudioVersion = 18.4.11605.240
MinimumVisualStudioVersion = 10.0.40219.1
Project("{FAE04EC0-301F-11D3-BF4B-00C04F79EFBC}") = "PROJECT REPO", "PROJECT REPO.csproj", "{90F4222E-7527-4FEF-A1E9-9536D8929423}"
EndProject
Project("{FAE04EC0-301F-11D3-BF4B-00C04F79EFBC}") = "TimeIn_TimeOut", "..\TimeIn_TimeOut\TimeIn_TimeOut.csproj", "{CD8445DA-1795-49A4-AB80-B179C219C63D}"
EndProject
Project("{FAE04EC0-301F-11D3-BF4B-00C04F79EFBC}") = "Overtime", "..\Overtime\Overtime.csproj", "{CDE23EC3-6BFD-48DE-A6BF-E384E150B5FF}"
EndProject
Global
	GlobalSection(SolutionConfigurationPlatforms) = preSolution
		Debug|Any CPU = Debug|Any CPU
		Release|Any CPU = Release|Any CPU
	EndGlobalSection
	GlobalSection(ProjectConfigurationPlatforms) = postSolution
		{90F4222E-7527-4FEF-A1E9-9536D8929423}.Debug|Any CPU.ActiveCfg = Debug|Any CPU
		{90F4222E-7527-4FEF-A1E9-9536D8929423}.Debug|Any CPU.Build.0 = Debug|Any CPU
		{90F4222E-7527-4FEF-A1E9-9536D8929423}.Release|Any CPU.ActiveCfg = Release|Any CPU
		{90F4222E-7527-4FEF-A1E9-9536D8929423}.Release|Any CPU.Build.0 = Release|Any CPU
		{CD8445DA-1795-49A4-AB80-B179C219C63D}.Debug|Any CPU.ActiveCfg = Debug|Any CPU
		{CD8445DA-1795-49A4-AB80-B179C219C63D}.Debug|Any CPU.Build.0 = Debug|Any CPU
		{CD8445DA-1795-49A4-AB80-B179C219C63D}.Release|Any CPU.ActiveCfg = Release|Any CPU
		{CD8445DA-1795-49A4-AB80-B179C219C63D}.Release|Any CPU.Build.0 = Release|Any CPU
		{CDE23EC3-6BFD-48DE-A6BF-E384E150B5FF}.Debug|Any CPU.ActiveCfg = Debug|Any CPU
		{CDE23EC3-6BFD-48DE-A6BF-E384E150B5FF}.Debug|Any CPU.Build.0 = Debug|Any CPU
		{CDE23EC3-6BFD-48DE-A6BF-E384E150B5FF}.Release|Any CPU.ActiveCfg = Release|Any CPU
		{CDE23EC3-6BFD-48DE-A6BF-E384E150B5FF}.Release|Any CPU.Build.0 = Release|Any CPU
	EndGlobalSection
	GlobalSection(SolutionProperties) = preSolution
		HideSolutionNode = FALSE
	EndGlobalSection
	GlobalSection(ExtensibilityGlobals) = postSolution
		SolutionGuid = {2BDD4E6C-0EE0-4762-86A4-E344CB491AF6}
	EndGlobalSection
EndGlobal
